
Microsoft Visual Studio Solution File, Format Version 12.00
# Visual Studio Version 17
VisualStudioVersion = 17.1.32104.313
MinimumVisualStudioVersion = 10.0.40219.1
Project("{9A19103F-16F7-4668-BE54-9A1E7A4F7556}") = "PoC.Shared", "PoC.Shared\PoC.Shared.csproj", "{293BCF4E-827F-4F40-AC28-6F93BDF42406}"
EndProject
Project("{9A19103F-16F7-4668-BE54-9A1E7A4F7556}") = "PoC.Operator", "PoC.Operator\PoC.Operator.csproj", "{42E3D44F-38A5-4DDB-B2A2-961C81438A23}"
EndProject
Project("{9A19103F-16F7-4668-BE54-9A1E7A4F7556}") = "PoC.Tenant", "PoC.Tenant\PoC.Tenant.csproj", "{24229795-116F-4E91-B923-3728D76736DC}"
EndProject
Global
	GlobalSection(SolutionConfigurationPlatforms) = preSolution
		Debug|Any CPU = Debug|Any CPU
		Release|Any CPU = Release|Any CPU
	EndGlobalSection
	GlobalSection(ProjectConfigurationPlatforms) = postSolution
		{293BCF4E-827F-4F40-AC28-6F93BDF42406}.Debug|Any CPU.ActiveCfg = Debug|Any CPU
		{293BCF4E-827F-4F40-AC28-6F93BDF42406}.Debug|Any CPU.Build.0 = Debug|Any CPU
		{293BCF4E-827F-4F40-AC28-6F93BDF42406}.Release|Any CPU.ActiveCfg = Release|Any CPU
		{293BCF4E-827F-4F40-AC28-6F93BDF42406}.Release|Any CPU.Build.0 = Release|Any CPU
		{42E3D44F-38A5-4DDB-B2A2-961C81438A23}.Debug|Any CPU.ActiveCfg = Debug|Any CPU
		{42E3D44F-38A5-4DDB-B2A2-961C81438A23}.Debug|Any CPU.Build.0 = Debug|Any CPU
		{42E3D44F-38A5-4DDB-B2A2-961C81438A23}.Release|Any CPU.ActiveCfg = Release|Any CPU
		{42E3D44F-38A5-4DDB-B2A2-961C81438A23}.Release|Any CPU.Build.0 = Release|Any CPU
		{24229795-116F-4E91-B923-3728D76736DC}.Debug|Any CPU.ActiveCfg = Debug|Any CPU
		{24229795-116F-4E91-B923-3728D76736DC}.Debug|Any CPU.Build.0 = Debug|Any CPU
		{24229795-116F-4E91-B923-3728D76736DC}.Release|Any CPU.ActiveCfg = Release|Any CPU
		{24229795-116F-4E91-B923-3728D76736DC}.Release|Any CPU.Build.0 = Release|Any CPU
	EndGlobalSection
	GlobalSection(SolutionProperties) = preSolution
		HideSolutionNode = FALSE
	EndGlobalSection
	GlobalSection(ExtensibilityGlobals) = postSolution
		SolutionGuid = {12AA2FCF-A538-4971-9F7A-DE6A25F8A16E}
	EndGlobalSection
EndGlobal
